
Microsoft Visual Studio Solution File, Format Version 12.00
# Visual Studio Version 16
VisualStudioVersion = 16.0.33423.256
MinimumVisualStudioVersion = 10.0.40219.1
Project("{FAE04EC0-301F-11D3-BF4B-00C04F79EFBC}") = "CarRentalProject", "CarRentalProject.csproj", "{B13661F1-BA4F-4699-A410-88C1EB85414F}"
EndProject
Global
	GlobalSection(SolutionConfigurationPlatforms) = preSolution
		Debug|Any CPU = Debug|Any CPU
		Release|Any CPU = Release|Any CPU
	EndGlobalSection
	GlobalSection(ProjectConfigurationPlatforms) = postSolution
		{B13661F1-BA4F-4699-A410-88C1EB85414F}.Debug|Any CPU.ActiveCfg = Debug|Any CPU
		{B13661F1-BA4F-4699-A410-88C1EB85414F}.Debug|Any CPU.Build.0 = Debug|Any CPU
		{B13661F1-BA4F-4699-A410-88C1EB85414F}.Release|Any CPU.ActiveCfg = Release|Any CPU
		{B13661F1-BA4F-4699-A410-88C1EB85414F}.Release|Any CPU.Build.0 = Release|Any CPU
	EndGlobalSection
	GlobalSection(SolutionProperties) = preSolution
		HideSolutionNode = FALSE
	EndGlobalSection
	GlobalSection(ExtensibilityGlobals) = postSolution
		SolutionGuid = {0EE51730-1C23-4471-B707-68150AC78B52}
	EndGlobalSection
EndGlobal
